{
  "name": "@hid/telemetry",
  "version": "0.1.0",
  "lockfileVersion": 3,
  "requires": true,
  "packages": {
    "": {
      "name": "@hid/telemetry",
      "version": "0.1.0",
      "dependencies": {
        "@sentry/react": "^10.58.0",
        "posthog-js": "^1.388.1"
      },
      "devDependencies": {
        "@types/react": "^18.2.0",
        "react": "^18.2.0",
        "typescript": "^5.8.3"
      },
      "peerDependencies": {
        "react": "^18.0.0"
      }
    },
    "node_modules/@posthog/browser-common": {
      "version": "0.5.0",
      "resolved": "https://registry.npmjs.org/@posthog/browser-common/-/browser-common-0.5.0.tgz",
      "integrity": "sha512-8DaxVZS1bQPbA514RePurLNbYjei3P4jhnC206DwVv5XThmZM3QdlsXenI2ujE3pLbgQ79hYn9o1Kda8I3WK/Q==",
      "license": "MIT",
      "dependencies": {
        "@posthog/core": "^1.47.0",
        "@posthog/types": "^1.402.2"
      }
    },
    "node_modules/@posthog/core": {
      "version": "1.47.0",
      "resolved": "https://registry.npmjs.org/@posthog/core/-/core-1.47.0.tgz",
      "integrity": "sha512-LW62V+9yx7G7mLd+EYpwW0PiaPZI8XRJ1tLuhw+9fXHpugLp8XQD5JuCQ2kIXvoUfyx1DpKfGQY3dUnzMOIn7Q==",
      "license": "MIT",
      "dependencies": {
        "@posthog/types": "^1.402.2"
      }
    },
    "node_modules/@posthog/types": {
      "version": "1.402.3",
      "resolved": "https://registry.npmjs.org/@posthog/types/-/types-1.402.3.tgz",
      "integrity": "sha512-nnqKIGUqggeNbCZg6of/hYN+4shYZUoPFkILIIpYq0p9HDX8PgOrnrtBAUH8kr1MOmDh2nm+fY5Ceks7A5y6BQ==",
      "license": "MIT"
    },
    "node_modules/@sentry/browser": {
      "version": "10.70.0",
      "resolved": "https://registry.npmjs.org/@sentry/browser/-/browser-10.70.0.tgz",
      "integrity": "sha512-IK6+J+8H06tZe+A8L37TT5ZxxwNtyQatW8zl5RYYJ/e9CsjrM8fPi8I1OT7uquTw8UtjqFHt7bEef/Vy63ksPg==",
      "license": "MIT",
      "dependencies": {
        "@sentry/browser-utils": "10.70.0",
        "@sentry/conventions": "^0.16.0",
        "@sentry/core": "10.70.0",
        "@sentry/feedback": "10.70.0",
        "@sentry/replay": "10.70.0",
        "@sentry/replay-canvas": "10.70.0"
      },
      "engines": {
        "node": ">=18"
      }
    },
    "node_modules/@sentry/browser-utils": {
      "version": "10.70.0",
      "resolved": "https://registry.npmjs.org/@sentry/browser-utils/-/browser-utils-10.70.0.tgz",
      "integrity": "sha512-IvjhafF5NFXrPCg5EHbAPGDwIhHxgUcLlHTklZ3DAdA6ky88BJYMfevbcnOEmgavf4nylhCaquRUFNB5+szj+A==",
      "license": "MIT",
      "dependencies": {
        "@sentry/conventions": "^0.16.0",
        "@sentry/core": "10.70.0"
      },
      "engines": {
        "node": ">=18"
      }
    },
    "node_modules/@sentry/conventions": {
      "version": "0.16.0",
      "resolved": "https://registry.npmjs.org/@sentry/conventions/-/conventions-0.16.0.tgz",
      "integrity": "sha512-fO9PLmHdVURcSPUpWCItWAtgKiMwGdJHbovoSEyLplX5sxs2ugvI4CBPTrkkgqhObnZOD0CnWBKDzSVQYBKEyQ==",
      "license": "MIT",
      "engines": {
        "node": ">=14"
      }
    },
    "node_modules/@sentry/core": {
      "version": "10.70.0",
      "resolved": "https://registry.npmjs.org/@sentry/core/-/core-10.70.0.tgz",
      "integrity": "sha512-ozhCTDqg89oB4XmWfAwuHshABpvT7AkRpaPnogopPfMAaI61G1t8EKCJ4W7aum8JSBonlfyjPCyW5oYZFm0KvA==",
      "license": "MIT",
      "dependencies": {
        "@sentry/conventions": "^0.16.0"
      },
      "engines": {
        "node": ">=18"
      }
    },
    "node_modules/@sentry/feedback": {
      "version": "10.70.0",
      "resolved": "https://registry.npmjs.org/@sentry/feedback/-/feedback-10.70.0.tgz",
      "integrity": "sha512-6VQn2ETJjHkk4QQDdx/587/JDfXsk3yBTLZ3UZOMtBVrkmwgk+1FJZ8ULJ3ud1xZcuh2icunIkc7tGVv2axdnw==",
      "license": "MIT",
      "dependencies": {
        "@sentry/core": "10.70.0"
      },
      "engines": {
        "node": ">=18"
      }
    },
    "node_modules/@sentry/react": {
      "version": "10.70.0",
      "resolved": "https://registry.npmjs.org/@sentry/react/-/react-10.70.0.tgz",
      "integrity": "sha512-j1d/4hvoaUVKs5GRrfmwUCkiEmkfaeHsk+xgausZlzg5YvmwpF+gyevBLNP26GFEH7nyHXW4l8dbbo0eNieJmw==",
      "license": "MIT",
      "dependencies": {
        "@sentry/browser": "10.70.0",
        "@sentry/conventions": "^0.16.0",
        "@sentry/core": "10.70.0"
      },
      "engines": {
        "node": ">=18"
      },
      "peerDependencies": {
        "react": "^16.14.0 || 17.x || 18.x || 19.x"
      }
    },
    "node_modules/@sentry/replay": {
      "version": "10.70.0",
      "resolved": "https://registry.npmjs.org/@sentry/replay/-/replay-10.70.0.tgz",
      "integrity": "sha512-xMnSGzJn9Xd29rYd32lkx/gFW+5mtgqADJ2FiZvis0MBGZuDlNRwPn0/Cs1xA3JNXKV3NGfhdmmvs90w4dHSmw==",
      "license": "MIT",
      "dependencies": {
        "@sentry/browser-utils": "10.70.0",
        "@sentry/core": "10.70.0"
      },
      "engines": {
        "node": ">=18"
      }
    },
    "node_modules/@sentry/replay-canvas": {
      "version": "10.70.0",
      "resolved": "https://registry.npmjs.org/@sentry/replay-canvas/-/replay-canvas-10.70.0.tgz",
      "integrity": "sha512-irzpw22bK5CF3jbecDa0gBUcfjv7tgeUoLAvtIfeHOP5ajmf3o4Cp99a9RQqkfgvkcMeRZBUwE91SQhp6Ank+w==",
      "license": "MIT",
      "dependencies": {
        "@sentry/core": "10.70.0",
        "@sentry/replay": "10.70.0"
      },
      "engines": {
        "node": ">=18"
      }
    },
    "node_modules/@types/prop-types": {
      "version": "15.7.15",
      "resolved": "https://registry.npmjs.org/@types/prop-types/-/prop-types-15.7.15.tgz",
      "integrity": "sha512-F6bEyamV9jKGAFBEmlQnesRPGOQqS2+Uwi0Em15xenOxHaf2hv6L8YCVn3rPdPJOiJfPiCnLIRyvwVaqMY3MIw==",
      "dev": true,
      "license": "MIT"
    },
    "node_modules/@types/react": {
      "version": "18.3.31",
      "resolved": "https://registry.npmjs.org/@types/react/-/react-18.3.31.tgz",
      "integrity": "sha512-vfEqpXTvwT91yhmwdfouStN2hSKwTvyRs8qpLfADyrq/kxDw0hZM7Wk9Ug1FELj8hIby+S/+kQCSRFF32nv2Qw==",
      "dev": true,
      "license": "MIT",
      "dependencies": {
        "@types/prop-types": "*",
        "csstype": "^3.2.2"
      }
    },
    "node_modules/@types/trusted-types": {
      "version": "2.0.7",
      "resolved": "https://registry.npmjs.org/@types/trusted-types/-/trusted-types-2.0.7.tgz",
      "integrity": "sha512-ScaPdn1dQczgbl0QFTeTOmVHFULt394XJgOQNoyVhZ6r2vLnMLJfBPd53SB52T/3G36VI1/g2MZaX0cwDuXsfw==",
      "license": "MIT",
      "optional": true
    },
    "node_modules/core-js": {
      "version": "3.50.0",
      "resolved": "https://registry.npmjs.org/core-js/-/core-js-3.50.0.tgz",
      "integrity": "sha512-BRWgOLKkFeCgRudR6zrs8p9XJZcE14grzKMMssoYrk6krtuEZ7MTKPIY5RzOnqsEKIR9kst7wNzphttraT+Yqw==",
      "hasInstallScript": true,
      "license": "MIT",
      "engines": {
        "node": "*"
      },
      "funding": {
        "type": "opencollective",
        "url": "https://opencollective.com/core-js"
      }
    },
    "node_modules/csstype": {
      "version": "3.2.3",
      "resolved": "https://registry.npmjs.org/csstype/-/csstype-3.2.3.tgz",
      "integrity": "sha512-z1HGKcYy2xA8AGQfwrn0PAy+PB7X/GSj3UVJW9qKyn43xWa+gl5nXmU4qqLMRzWVLFC8KusUX8T/0kCiOYpAIQ==",
      "dev": true,
      "license": "MIT"
    },
    "node_modules/dompurify": {
      "version": "3.4.13",
      "resolved": "https://registry.npmjs.org/dompurify/-/dompurify-3.4.13.tgz",
      "integrity": "sha512-2vmYIoqjze2d+kakP8S/nS5shfsl587kzwEjcGlTdiksUVgFHnFCsLYDVj/JNqJVOQZGSYBTmuycv0PodwmnMQ==",
      "license": "(MPL-2.0 OR Apache-2.0)",
      "optionalDependencies": {
        "@types/trusted-types": "^2.0.7"
      }
    },
    "node_modules/fflate": {
      "version": "0.4.9",
      "resolved": "https://registry.npmjs.org/fflate/-/fflate-0.4.9.tgz",
      "integrity": "sha512-zdxgIEddhfsyCaWpJ2SdXEP8ZMrKJ6+5jl4OupODcywU0IhRk6gdXuVGcPICyfx2H97hVK7xmJtRLPjkxAX8Vw==",
      "license": "MIT"
    },
    "node_modules/js-tokens": {
      "version": "4.0.0",
      "resolved": "https://registry.npmjs.org/js-tokens/-/js-tokens-4.0.0.tgz",
      "integrity": "sha512-RdJUflcE3cUzKiMqQgsCu06FPu9UdIJO0beYbPhHN4k6apgJtifcoCtT9bcxOpYBtpD2kCM6Sbzg4CausW/PKQ==",
      "license": "MIT"
    },
    "node_modules/loose-envify": {
      "version": "1.4.0",
      "resolved": "https://registry.npmjs.org/loose-envify/-/loose-envify-1.4.0.tgz",
      "integrity": "sha512-lyuxPGr/Wfhrlem2CL/UcnUc1zcqKAImBDzukY7Y5F/yQiNdko6+fRLevlw1HgMySw7f611UIY408EtxRSoK3Q==",
      "license": "MIT",
      "dependencies": {
        "js-tokens": "^3.0.0 || ^4.0.0"
      },
      "bin": {
        "loose-envify": "cli.js"
      }
    },
    "node_modules/posthog-js": {
      "version": "1.415.4",
      "resolved": "https://registry.npmjs.org/posthog-js/-/posthog-js-1.415.4.tgz",
      "integrity": "sha512-8YQmAcBXo5H0nN8oEbfIwJr4GUizjbEH63fAHtRZi+zFZGeB3yN0oKB5sEbRldVwpxkqfuV4a8XY9RmmLzYb1A==",
      "license": "(Apache-2.0 AND MIT)",
      "dependencies": {
        "@posthog/browser-common": "^0.5.0",
        "@posthog/core": "^1.47.0",
        "@posthog/types": "^1.402.3",
        "core-js": "^3.49.0",
        "dompurify": "^3.4.13",
        "fflate": "^0.4.8",
        "preact": "^10.29.3",
        "query-selector-shadow-dom": "^1.0.1",
        "web-vitals": "^5.3.0",
        "web-vitals-soft-navs": "npm:web-vitals@6.0.0"
      }
    },
    "node_modules/preact": {
      "version": "10.29.8",
      "resolved": "https://registry.npmjs.org/preact/-/preact-10.29.8.tgz",
      "integrity": "sha512-ej2aVZ+vZ8WO7tvlQWRM9N63A0KzF9q4mWJfDUHgYaIofWY9hu74QdnQrjoPMmZi2/nZ5gN0bJCQF49xQqx09Q==",
      "license": "MIT",
      "funding": {
        "type": "opencollective",
        "url": "https://opencollective.com/preact"
      },
      "peerDependencies": {
        "preact-render-to-string": ">=5"
      },
      "peerDependenciesMeta": {
        "preact-render-to-string": {
          "optional": true
        }
      }
    },
    "node_modules/query-selector-shadow-dom": {
      "version": "1.0.1",
      "resolved": "https://registry.npmjs.org/query-selector-shadow-dom/-/query-selector-shadow-dom-1.0.1.tgz",
      "integrity": "sha512-lT5yCqEBgfoMYpf3F2xQRK7zEr1rhIIZuceDK6+xRkJQ4NMbHTwXqk4NkwDwQMNqXgG9r9fyHnzwNVs6zV5KRw==",
      "license": "MIT"
    },
    "node_modules/react": {
      "version": "18.3.1",
      "resolved": "https://registry.npmjs.org/react/-/react-18.3.1.tgz",
      "integrity": "sha512-wS+hAgJShR0KhEvPJArfuPVN1+Hz1t0Y6n5jLrGQbkb4urgPE/0Rve+1kMB1v/oWgHgm4WIcV+i7F2pTVj+2iQ==",
      "license": "MIT",
      "dependencies": {
        "loose-envify": "^1.1.0"
      },
      "engines": {
        "node": ">=0.10.0"
      }
    },
    "node_modules/typescript": {
      "version": "5.9.3",
      "resolved": "https://registry.npmjs.org/typescript/-/typescript-5.9.3.tgz",
      "integrity": "sha512-jl1vZzPDinLr9eUt3J/t7V6FgNEw9QjvBPdysz9KfQDD41fQrC2Y4vKQdiaUpFT4bXlb1RHhLpp8wtm6M5TgSw==",
      "dev": true,
      "license": "Apache-2.0",
      "bin": {
        "tsc": "bin/tsc",
        "tsserver": "bin/tsserver"
      },
      "engines": {
        "node": ">=14.17"
      }
    },
    "node_modules/web-vitals": {
      "version": "5.3.0",
      "resolved": "https://registry.npmjs.org/web-vitals/-/web-vitals-5.3.0.tgz",
      "integrity": "sha512-q6LWsLatGYZp5VGBIOvbTj6JBV2nOmC8KvWztXBmwJcfFAzhwKwbOxhUH306XY3CcaZDUlSmSuNPBsCn0bFu+g==",
      "license": "Apache-2.0"
    },
    "node_modules/web-vitals-soft-navs": {
      "name": "web-vitals",
      "version": "6.0.0",
      "resolved": "https://registry.npmjs.org/web-vitals/-/web-vitals-6.0.0.tgz",
      "integrity": "sha512-Guaibvy/+uNtL6Bsu4jmMJGzuSl91oeRH5iO9pPRbYftnFUr3yqT1TUNX/OE4o9HexuEMU3Kb/Wg7iKhlffZUA==",
      "license": "Apache-2.0"
    }
  }
}
