{
  "name": "@hid/identity-browser-client",
  "version": "0.1.0",
  "lockfileVersion": 3,
  "requires": true,
  "packages": {
    "": {
      "name": "@hid/identity-browser-client",
      "version": "0.1.0",
      "dependencies": {
        "@hid/api-client": "file:../api-client"
      }
    },
    "../api-client": {
      "name": "@hid/api-client",
      "version": "0.1.0",
      "devDependencies": {
        "typescript": "^5.8.3"
      }
    },
    "node_modules/@hid/api-client": {
      "resolved": "../api-client",
      "link": true
    }
  }
}
